
Microsoft Visual Studio Solution File, Format Version 12.00
# Visual Studio Version 17
VisualStudioVersion = 17.14.35806.103 d17.14
MinimumVisualStudioVersion = 10.0.40219.1
Project("{FAE04EC0-301F-11D3-BF4B-00C04F79EFBC}") = "StudentManagement.API", "StudentManagement.API\StudentManagement.API.csproj", "{1633F7D7-1157-4483-9FF9-A560008438D3}"
EndProject
Project("{FAE04EC0-301F-11D3-BF4B-00C04F79EFBC}") = "StudentManagement.Domain", "StudentManagement.Domain\StudentManagement.Domain.csproj", "{96987F3F-35B3-4622-B23E-1AE6D9E749C0}"
EndProject
Project("{FAE04EC0-301F-11D3-BF4B-00C04F79EFBC}") = "StudentManagement.Application", "StudentManagement.Application\StudentManagement.Application.csproj", "{3A189687-1892-415E-B30E-17726C74FFC7}"
EndProject
Project("{FAE04EC0-301F-11D3-BF4B-00C04F79EFBC}") = "StudentManagement.Infrastructure", "StudentManagement.Infrastructure\StudentManagement.Infrastructure.csproj", "{9C2ACA95-66D8-4FAB-BB1A-E15F343116C5}"
EndProject
Project("{FAE04EC0-301F-11D3-BF4B-00C04F79EFBC}") = "StudentManagement.Presentation", "StudentManagement.Presentation\StudentManagement.Presentation.csproj", "{F6EC3E43-6855-40C6-A878-AA6FFE933071}"
EndProject
Global
	GlobalSection(SolutionConfigurationPlatforms) = preSolution
		Debug|Any CPU = Debug|Any CPU
		Release|Any CPU = Release|Any CPU
	EndGlobalSection
	GlobalSection(ProjectConfigurationPlatforms) = postSolution
		{1633F7D7-1157-4483-9FF9-A560008438D3}.Debug|Any CPU.ActiveCfg = Debug|Any CPU
		{1633F7D7-1157-4483-9FF9-A560008438D3}.Debug|Any CPU.Build.0 = Debug|Any CPU
		{1633F7D7-1157-4483-9FF9-A560008438D3}.Release|Any CPU.ActiveCfg = Release|Any CPU
		{1633F7D7-1157-4483-9FF9-A560008438D3}.Release|Any CPU.Build.0 = Release|Any CPU
		{96987F3F-35B3-4622-B23E-1AE6D9E749C0}.Debug|Any CPU.ActiveCfg = Debug|Any CPU
		{96987F3F-35B3-4622-B23E-1AE6D9E749C0}.Debug|Any CPU.Build.0 = Debug|Any CPU
		{96987F3F-35B3-4622-B23E-1AE6D9E749C0}.Release|Any CPU.ActiveCfg = Release|Any CPU
		{96987F3F-35B3-4622-B23E-1AE6D9E749C0}.Release|Any CPU.Build.0 = Release|Any CPU
		{3A189687-1892-415E-B30E-17726C74FFC7}.Debug|Any CPU.ActiveCfg = Debug|Any CPU
		{3A189687-1892-415E-B30E-17726C74FFC7}.Debug|Any CPU.Build.0 = Debug|Any CPU
		{3A189687-1892-415E-B30E-17726C74FFC7}.Release|Any CPU.ActiveCfg = Release|Any CPU
		{3A189687-1892-415E-B30E-17726C74FFC7}.Release|Any CPU.Build.0 = Release|Any CPU
		{9C2ACA95-66D8-4FAB-BB1A-E15F343116C5}.Debug|Any CPU.ActiveCfg = Debug|Any CPU
		{9C2ACA95-66D8-4FAB-BB1A-E15F343116C5}.Debug|Any CPU.Build.0 = Debug|Any CPU
		{9C2ACA95-66D8-4FAB-BB1A-E15F343116C5}.Release|Any CPU.ActiveCfg = Release|Any CPU
		{9C2ACA95-66D8-4FAB-BB1A-E15F343116C5}.Release|Any CPU.Build.0 = Release|Any CPU
		{F6EC3E43-6855-40C6-A878-AA6FFE933071}.Debug|Any CPU.ActiveCfg = Debug|Any CPU
		{F6EC3E43-6855-40C6-A878-AA6FFE933071}.Debug|Any CPU.Build.0 = Debug|Any CPU
		{F6EC3E43-6855-40C6-A878-AA6FFE933071}.Release|Any CPU.ActiveCfg = Release|Any CPU
		{F6EC3E43-6855-40C6-A878-AA6FFE933071}.Release|Any CPU.Build.0 = Release|Any CPU
	EndGlobalSection
	GlobalSection(SolutionProperties) = preSolution
		HideSolutionNode = FALSE
	EndGlobalSection
	GlobalSection(ExtensibilityGlobals) = postSolution
		SolutionGuid = {367DFB42-238C-425F-8A6A-C51C583999F6}
	EndGlobalSection
EndGlobal
